
Microsoft Visual Studio Solution File, Format Version 12.00
# Visual Studio 15
Project("{FAE04EC0-301F-11D3-BF4B-00C04F79EFBC}") = "OperationExerciseTwo", "OperationExerciseTwo\OperationExerciseTwo.csproj", "{91F8F452-4A9D-4382-A6CA-DD583DC2E6EB}"
EndProject
Global
	GlobalSection(SolutionConfigurationPlatforms) = preSolution
		Debug|Any CPU = Debug|Any CPU
		Release|Any CPU = Release|Any CPU
	EndGlobalSection
	GlobalSection(ProjectConfigurationPlatforms) = postSolution
		{91F8F452-4A9D-4382-A6CA-DD583DC2E6EB}.Debug|Any CPU.ActiveCfg = Debug|Any CPU
		{91F8F452-4A9D-4382-A6CA-DD583DC2E6EB}.Debug|Any CPU.Build.0 = Debug|Any CPU
		{91F8F452-4A9D-4382-A6CA-DD583DC2E6EB}.Release|Any CPU.ActiveCfg = Release|Any CPU
		{91F8F452-4A9D-4382-A6CA-DD583DC2E6EB}.Release|Any CPU.Build.0 = Release|Any CPU
	EndGlobalSection
EndGlobal
